
Microsoft Visual Studio Solution File, Format Version 12.00
# Visual Studio Version 17
VisualStudioVersion = 17.6.33717.318
MinimumVisualStudioVersion = 10.0.40219.1
Project("{FAE04EC0-301F-11D3-BF4B-00C04F79EFBC}") = "BookStoreAPI", "BookStoreAPI\BookStoreAPI.csproj", "{DA287537-F27C-49F4-8BCF-C203E30D080B}"
EndProject
Global
	GlobalSection(SolutionConfigurationPlatforms) = preSolution
		Debug|Any CPU = Debug|Any CPU
		Release|Any CPU = Release|Any CPU
	EndGlobalSection
	GlobalSection(ProjectConfigurationPlatforms) = postSolution
		{DA287537-F27C-49F4-8BCF-C203E30D080B}.Debug|Any CPU.ActiveCfg = Debug|Any CPU
		{DA287537-F27C-49F4-8BCF-C203E30D080B}.Debug|Any CPU.Build.0 = Debug|Any CPU
		{DA287537-F27C-49F4-8BCF-C203E30D080B}.Release|Any CPU.ActiveCfg = Release|Any CPU
		{DA287537-F27C-49F4-8BCF-C203E30D080B}.Release|Any CPU.Build.0 = Release|Any CPU
	EndGlobalSection
	GlobalSection(SolutionProperties) = preSolution
		HideSolutionNode = FALSE
	EndGlobalSection
	GlobalSection(ExtensibilityGlobals) = postSolution
		SolutionGuid = {FA8AC7E0-D959-4C0A-B039-81B9114C80F1}
	EndGlobalSection
EndGlobal
